dependencies:
- name: rabbitmq
  repository: https://charts.bitnami.com/bitnami
  version: 6.25.4
- name: postgresql
  repository: https://charts.bitnami.com/bitnami
  version: 8.8.0
- name: memcached
  repository: https://charts.bitnami.com/bitnami
  version: 4.2.16
digest: sha256:605def71ce0d7d010c3fb50fd78310b69c95b492c5d0519a421f5ac9cc3db8fe
generated: "2020-04-18T21:47:36.258439+02:00"
